
Microsoft Visual Studio Solution File, Format Version 12.00
# Visual Studio 15
VisualStudioVersion = 15.0.28010.2036
MinimumVisualStudioVersion = 10.0.40219.1
Project("{F184B08F-C81C-45F6-A57F-5ABD9991F28F}") = "Pioltech", "Pioltech\Pioltech.vbproj", "{63075794-5C6E-41E1-A1D4-91F09DB99777}"
EndProject
Project("{2150E333-8FDC-42A3-9474-1A3956D46DE8}") = "Solution Items", "Solution Items", "{46B52EE8-E019-4F3C-AF0C-48D14A0B9A67}"
EndProject
Global
	GlobalSection(SolutionConfigurationPlatforms) = preSolution
		Debug|Any CPU = Debug|Any CPU
		Release|Any CPU = Release|Any CPU
	EndGlobalSection
	GlobalSection(ProjectConfigurationPlatforms) = postSolution
		{63075794-5C6E-41E1-A1D4-91F09DB99777}.Debug|Any CPU.ActiveCfg = Debug|Any CPU
		{63075794-5C6E-41E1-A1D4-91F09DB99777}.Debug|Any CPU.Build.0 = Debug|Any CPU
		{63075794-5C6E-41E1-A1D4-91F09DB99777}.Release|Any CPU.ActiveCfg = Release|Any CPU
		{63075794-5C6E-41E1-A1D4-91F09DB99777}.Release|Any CPU.Build.0 = Release|Any CPU
	EndGlobalSection
	GlobalSection(SolutionProperties) = preSolution
		HideSolutionNode = FALSE
	EndGlobalSection
	GlobalSection(ExtensibilityGlobals) = postSolution
		SolutionGuid = {39286781-5B73-40E5-911D-F2479DE621F6}
	EndGlobalSection
EndGlobal
